{
  "originHash" : "08091f10735dcc96366b4bb5a08dce711eff411c3d3168c43412216c009cc5da",
  "pins" : [
    {
      "identity" : "glpgs-ios-api-client",
      "kind" : "remoteSourceControl",
      "location" : "git@github.com:galapagos-ada/glpgs-ios-api-client.git",
      "state" : {
        "branch" : "higashi/add-api-client",
        "revision" : "9bac68f8f122a47ad9f8d59f95c3dad5dcacc66b"
      }
    },
    {
      "identity" : "swift-collections",
      "kind" : "remoteSourceControl",
      "location" : "https://github.com/apple/swift-collections.git",
      "state" : {
        "revision" : "671108c96644956dddcd89dd59c203dcdb36cec7",
        "version" : "1.1.4"
      }
    },
    {
      "identity" : "swift-syntax",
      "kind" : "remoteSourceControl",
      "location" : "https://github.com/swiftlang/swift-syntax.git",
      "state" : {
        "revision" : "0687f71944021d616d34d922343dcef086855920",
        "version" : "600.0.1"
      }
    }
  ],
  "version" : 3
}
